
Microsoft Visual Studio Solution File, Format Version 12.00
# Visual Studio 15
VisualStudioVersion = 15.0.28010.2048
MinimumVisualStudioVersion = 10.0.40219.1
Project("{FAE04EC0-301F-11D3-BF4B-00C04F79EFBC}") = "Vintereksamen_2017_2018_opgave_1", "Vintereksamen_2017_2018_opgave_1\Vintereksamen_2017_2018_opgave_1.csproj", "{FEBB78AF-7221-4E9F-831D-E29483C32166}"
EndProject
Project("{FAE04EC0-301F-11D3-BF4B-00C04F79EFBC}") = "ProductDB", "ProductDB\ProductDB.csproj", "{15DB53D3-1E90-417A-8F19-18AB5EB7B960}"
EndProject
Global
	GlobalSection(SolutionConfigurationPlatforms) = preSolution
		Debug|Any CPU = Debug|Any CPU
		Release|Any CPU = Release|Any CPU
	EndGlobalSection
	GlobalSection(ProjectConfigurationPlatforms) = postSolution
		{FEBB78AF-7221-4E9F-831D-E29483C32166}.Debug|Any CPU.ActiveCfg = Debug|Any CPU
		{FEBB78AF-7221-4E9F-831D-E29483C32166}.Debug|Any CPU.Build.0 = Debug|Any CPU
		{FEBB78AF-7221-4E9F-831D-E29483C32166}.Release|Any CPU.ActiveCfg = Release|Any CPU
		{FEBB78AF-7221-4E9F-831D-E29483C32166}.Release|Any CPU.Build.0 = Release|Any CPU
		{15DB53D3-1E90-417A-8F19-18AB5EB7B960}.Debug|Any CPU.ActiveCfg = Debug|Any CPU
		{15DB53D3-1E90-417A-8F19-18AB5EB7B960}.Debug|Any CPU.Build.0 = Debug|Any CPU
		{15DB53D3-1E90-417A-8F19-18AB5EB7B960}.Release|Any CPU.ActiveCfg = Release|Any CPU
		{15DB53D3-1E90-417A-8F19-18AB5EB7B960}.Release|Any CPU.Build.0 = Release|Any CPU
	EndGlobalSection
	GlobalSection(SolutionProperties) = preSolution
		HideSolutionNode = FALSE
	EndGlobalSection
	GlobalSection(ExtensibilityGlobals) = postSolution
		SolutionGuid = {766CDAC9-3151-4BEB-AE8F-A47579932AD6}
	EndGlobalSection
EndGlobal
